// !$*UTF8*$!
{
	archiveVersion = 1;
	classes = {
	};
	objectVersion = 77;
	objects = {

/* Begin PBXBuildFile section */
		F60CB6372F5B0E47002242FE /* GRDB in Frameworks */ = {isa = PBXBuildFile; productRef = F60CB6362F5B0E47002242FE /* GRDB */; };
/* End PBXBuildFile section */

/* Begin PBXContainerItemProxy section */
		F60CB6192F5B0D74002242FE /* PBXContainerItemProxy */ = {
			isa = PBXContainerItemProxy;
			containerPortal = F60CB6032F5B0D71002242FE /* Project object */;
			proxyType = 1;
			remoteGlobalIDString = F60CB60A2F5B0D71002242FE;
			remoteInfo = TradingBuddy;
		};
		F60CB6232F5B0D74002242FE /* PBXContainerItemProxy */ = {
			isa = PBXContainerItemProxy;
			containerPortal = F60CB6032F5B0D71002242FE /* Project object */;
			proxyType = 1;
			remoteGlobalIDString = F60CB60A2F5B0D71002242FE;
			remoteInfo = TradingBuddy;
		};
/* End PBXContainerItemProxy section */

/* Begin PBXFileReference section */
		F60CB60B2F5B0D71002242FE /* TradingBuddy.app */ = {isa = PBXFileReference; explicitFileType = wrapper.application; includeInIndex = 0; path = TradingBuddy.app; sourceTree = BUILT_PRODUCTS_DIR; };
		F60CB6182F5B0D74002242FE /* TradingBuddyTests.xctest */ = {isa = PBXFileReference; explicitFileType = wrapper.cfbundle; includeInIndex = 0; path = TradingBuddyTests.xctest; sourceTree = BUILT_PRODUCTS_DIR; };
		F60CB6222F5B0D74002242FE /* TradingBuddyUITests.xctest */ = {isa = PBXFileReference; explicitFileType = wrapper.cfbundle; includeInIndex = 0; path = TradingBuddyUITests.xctest; sourceTree = BUILT_PRODUCTS_DIR; };
/* End PBXFileReference section */

/* Begin PBXFileSystemSynchronizedRootGroup section */
		F60CB60D2F5B0D71002242FE /* TradingBuddy */ = {
			isa = PBXFileSystemSynchronizedRootGroup;
			path = TradingBuddy;
			sourceTree = "<group>";
		};
		F60CB61B2F5B0D74002242FE /* TradingBuddyTests */ = {
			isa = PBXFileSystemSynchronizedRootGroup;
			path = TradingBuddyTests;
			sourceTree = "<group>";
		};
		F60CB6252F5B0D74002242FE /* TradingBuddyUITests */ = {
			isa = PBXFileSystemSynchronizedRootGroup;
			path = TradingBuddyUITests;
			sourceTree = "<group>";
		};
/* End PBXFileSystemSynchronizedRootGroup section */

/* Begin PBXFrameworksBuildPhase section */
		F60CB6082F5B0D71002242FE /* Frameworks */ = {
			isa = PBXFrameworksBuildPhase;
			buildActionMask = 2147483647;
			files = (
				F60CB6372F5B0E47002242FE /* GRDB in Frameworks */,
			);
			runOnlyForDeploymentPostprocessing = 0;
		};
		F60CB6152F5B0D74002242FE /* Frameworks */ = {
			isa = PBXFrameworksBuildPhase;
			buildActionMask = 2147483647;
			files = (
			);
			runOnlyForDeploymentPostprocessing = 0;
		};
		F60CB61F2F5B0D74002242FE /* Frameworks */ = {
			isa = PBXFrameworksBuildPhase;
			buildActionMask = 2147483647;
			files = (
			);
			runOnlyForDeploymentPostprocessing = 0;
		};
/* End PBXFrameworksBuildPhase section */

/* Begin PBXGroup section */
		F60CB6022F5B0D71002242FE = {
			isa = PBXGroup;
			children = (
				F60CB60D2F5B0D71002242FE /* TradingBuddy */,
				F60CB61B2F5B0D74002242FE /* TradingBuddyTests */,
				F60CB6252F5B0D74002242FE /* TradingBuddyUITests */,
				F60CB60C2F5B0D71002242FE /* Products */,
			);
			sourceTree = "<group>";
		};
		F60CB60C2F5B0D71002242FE /* Products */ = {
			isa = PBXGroup;
			children = (
				F60CB60B2F5B0D71002242FE /* TradingBuddy.app */,
				F60CB6182F5B0D74002242FE /* TradingBuddyTests.xctest */,
				F60CB6222F5B0D74002242FE /* TradingBuddyUITests.xctest */,
			);
			name = Products;
			sourceTree = "<group>";
		};
/* End PBXGroup section */

/* Begin PBXNativeTarget section */
		F60CB60A2F5B0D71002242FE /* TradingBuddy */ = {
			isa = PBXNativeTarget;
			buildConfigurationList = F60CB62C2F5B0D74002242FE /* Build configuration list for PBXNativeTarget "TradingBuddy" */;
			buildPhases = (
				F60CB6072F5B0D71002242FE /* Sources */,
				F60CB6082F5B0D71002242FE /* Frameworks */,
				F60CB6092F5B0D71002242FE /* Resources */,
			);
			buildRules = (
			);
			dependencies = (
			);
			fileSystemSynchronizedGroups = (
				F60CB60D2F5B0D71002242FE /* TradingBuddy */,
			);
			name = TradingBuddy;
			packageProductDependencies = (
				F60CB6362F5B0E47002242FE /* GRDB */,
			);
			productName = TradingBuddy;
			productReference = F60CB60B2F5B0D71002242FE /* TradingBuddy.app */;
			productType = "com.apple.product-type.application";
		};
		F60CB6172F5B0D74002242FE /* TradingBuddyTests */ = {
			isa = PBXNativeTarget;
			buildConfigurationList = F60CB62F2F5B0D74002242FE /* Build configuration list for PBXNativeTarget "TradingBuddyTests" */;
			buildPhases = (
				F60CB6142F5B0D74002242FE /* Sources */,
				F60CB6152F5B0D74002242FE /* Frameworks */,
				F60CB6162F5B0D74002242FE /* Resources */,
			);
			buildRules = (
			);
			dependencies = (
				F60CB61A2F5B0D74002242FE /* PBXTargetDependency */,
			);
			fileSystemSynchronizedGroups = (
				F60CB61B2F5B0D74002242FE /* TradingBuddyTests */,
			);
			name = TradingBuddyTests;
			packageProductDependencies = (
			);
			productName = TradingBuddyTests;
			productReference = F60CB6182F5B0D74002242FE /* TradingBuddyTests.xctest */;
			productType = "com.apple.product-type.bundle.unit-test";
		};
		F60CB6212F5B0D74002242FE /* TradingBuddyUITests */ = {
			isa = PBXNativeTarget;
			buildConfigurationList = F60CB6322F5B0D74002242FE /* Build configuration list for PBXNativeTarget "TradingBuddyUITests" */;
			buildPhases = (
				F60CB61E2F5B0D74002242FE /* Sources */,
				F60CB61F2F5B0D74002242FE /* Frameworks */,
				F60CB6202F5B0D74002242FE /* Resources */,
			);
			buildRules = (
			);
			dependencies = (
				F60CB6242F5B0D74002242FE /* PBXTargetDependency */,
			);
			fileSystemSynchronizedGroups = (
				F60CB6252F5B0D74002242FE /* TradingBuddyUITests */,
			);
			name = TradingBuddyUITests;
			packageProductDependencies = (
			);
			productName = TradingBuddyUITests;
			productReference = F60CB6222F5B0D74002242FE /* TradingBuddyUITests.xctest */;
			productType = "com.apple.product-type.bundle.ui-testing";
		};
/* End PBXNativeTarget section */

/* Begin PBXProject section */
		F60CB6032F5B0D71002242FE /* Project object */ = {
			isa = PBXProject;
			attributes = {
				BuildIndependentTargetsInParallel = 1;
				LastSwiftUpdateCheck = 2620;
				LastUpgradeCheck = 2620;
				TargetAttributes = {
					F60CB60A2F5B0D71002242FE = {
						CreatedOnToolsVersion = 26.2;
					};
					F60CB6172F5B0D74002242FE = {
						CreatedOnToolsVersion = 26.2;
						TestTargetID = F60CB60A2F5B0D71002242FE;
					};
					F60CB6212F5B0D74002242FE = {
						CreatedOnToolsVersion = 26.2;
						LastSwiftMigration = 2620;
						TestTargetID = F60CB60A2F5B0D71002242FE;
					};
				};
			};
			buildConfigurationList = F60CB6062F5B0D71002242FE /* Build configuration list for PBXProject "TradingBuddy" */;
			developmentRegion = en;
			hasScannedForEncodings = 0;
			knownRegions = (
				en,
				Base,
			);
			mainGroup = F60CB6022F5B0D71002242FE;
			minimizedProjectReferenceProxies = 1;
			packageReferences = (
				F60CB6352F5B0E47002242FE /* XCRemoteSwiftPackageReference "GRDB.swift" */,
			);
			preferredProjectObjectVersion = 77;
			productRefGroup = F60CB60C2F5B0D71002242FE /* Products */;
			projectDirPath = "";
			projectRoot = "";
			targets = (
				F60CB60A2F5B0D71002242FE /* TradingBuddy */,
				F60CB6172F5B0D74002242FE /* TradingBuddyTests */,
				F60CB6212F5B0D74002242FE /* TradingBuddyUITests */,
			);
		};
/* End PBXProject section */

/* Begin PBXResourcesBuildPhase section */
		F60CB6092F5B0D71002242FE /* Resources */ = {
			isa = PBXResourcesBuildPhase;
			buildActionMask = 2147483647;
			files = (
			);
			runOnlyForDeploymentPostprocessing = 0;
		};
		F60CB6162F5B0D74002242FE /* Resources */ = {
			isa = PBXResourcesBuildPhase;
			buildActionMask = 2147483647;
			files = (
			);
			runOnlyForDeploymentPostprocessing = 0;
		};
		F60CB6202F5B0D74002242FE /* Resources */ = {
			isa = PBXResourcesBuildPhase;
			buildActionMask = 2147483647;
			files = (
			);
			runOnlyForDeploymentPostprocessing = 0;
		};
/* End PBXResourcesBuildPhase section */

/* Begin PBXSourcesBuildPhase section */
		F60CB6072F5B0D71002242FE /* Sources */ = {
			isa = PBXSourcesBuildPhase;
			buildActionMask = 2147483647;
			files = (
			);
			runOnlyForDeploymentPostprocessing = 0;
		};
		F60CB6142F5B0D74002242FE /* Sources */ = {
			isa = PBXSourcesBuildPhase;
			buildActionMask = 2147483647;
			files = (
			);
			runOnlyForDeploymentPostprocessing = 0;
		};
		F60CB61E2F5B0D74002242FE /* Sources */ = {
			isa = PBXSourcesBuildPhase;
			buildActionMask = 2147483647;
			files = (
			);
			runOnlyForDeploymentPostprocessing = 0;
		};
/* End PBXSourcesBuildPhase section */

/* Begin PBXTargetDependency section */
		F60CB61A2F5B0D74002242FE /* PBXTargetDependency */ = {
			isa = PBXTargetDependency;
			target = F60CB60A2F5B0D71002242FE /* TradingBuddy */;
			targetProxy = F60CB6192F5B0D74002242FE /* PBXContainerItemProxy */;
		};
		F60CB6242F5B0D74002242FE /* PBXTargetDependency */ = {
			isa = PBXTargetDependency;
			target = F60CB60A2F5B0D71002242FE /* TradingBuddy */;
			targetProxy = F60CB6232F5B0D74002242FE /* PBXContainerItemProxy */;
		};
/* End PBXTargetDependency section */

/* Begin XCBuildConfiguration section */
		F60CB62A2F5B0D74002242FE /* Debug */ = {
			isa = XCBuildConfiguration;
			buildSettings = {
				ALWAYS_SEARCH_USER_PATHS = NO;
				ASSETCATALOG_COMPILER_GENERATE_SWIFT_ASSET_SYMBOL_EXTENSIONS = YES;
				CLANG_ANALYZER_NONNULL = YES;
				CLANG_ANALYZER_NUMBER_OBJECT_CONVERSION = YES_AGGRESSIVE;
				CLANG_CXX_LANGUAGE_STANDARD = "gnu++20";
				CLANG_ENABLE_MODULES = YES;
				CLANG_ENABLE_OBJC_ARC = YES;
				CLANG_ENABLE_OBJC_WEAK = YES;
				CLANG_WARN_BLOCK_CAPTURE_AUTORELEASING = YES;
				CLANG_WARN_BOOL_CONVERSION = YES;
				CLANG_WARN_COMMA = YES;
				CLANG_WARN_CONSTANT_CONVERSION = YES;
				CLANG_WARN_DEPRECATED_OBJC_IMPLEMENTATIONS = YES;
				CLANG_WARN_DIRECT_OBJC_ISA_USAGE = YES_ERROR;
				CLANG_WARN_DOCUMENTATION_COMMENTS = YES;
				CLANG_WARN_EMPTY_BODY = YES;
				CLANG_WARN_ENUM_CONVERSION = YES;
				CLANG_WARN_INFINITE_RECURSION = YES;
				CLANG_WARN_INT_CONVERSION = YES;
				CLANG_WARN_NON_LITERAL_NULL_CONVERSION = YES;
				CLANG_WARN_OBJC_IMPLICIT_RETAIN_SELF = YES;
				CLANG_WARN_OBJC_LITERAL_CONVERSION = YES;
				CLANG_WARN_OBJC_ROOT_CLASS = YES_ERROR;
				CLANG_WARN_QUOTED_INCLUDE_IN_FRAMEWORK_HEADER = YES;
				CLANG_WARN_RANGE_LOOP_ANALYSIS = YES;
				CLANG_WARN_STRICT_PROTOTYPES = YES;
				CLANG_WARN_SUSPICIOUS_MOVE = YES;
				CLANG_WARN_UNGUARDED_AVAILABILITY = YES_AGGRESSIVE;
				CLANG_WARN_UNREACHABLE_CODE = YES;
				CLANG_WARN__DUPLICATE_METHOD_MATCH = YES;
				COPY_PHASE_STRIP = NO;
				DEBUG_INFORMATION_FORMAT = dwarf;
				DEVELOPMENT_TEAM = SH94AY676V;
				ENABLE_STRICT_OBJC_MSGSEND = YES;
				ENABLE_TESTABILITY = YES;
				ENABLE_USER_SCRIPT_SANDBOXING = YES;
				GCC_C_LANGUAGE_STANDARD = gnu17;
				GCC_DYNAMIC_NO_PIC = NO;
				GCC_NO_COMMON_BLOCKS = YES;
				GCC_OPTIMIZATION_LEVEL = 0;
				GCC_PREPROCESSOR_DEFINITIONS = (
					"DEBUG=1",
					"$(inherited)",
				);
				GCC_WARN_64_TO_32_BIT_CONVERSION = YES;
				GCC_WARN_ABOUT_RETURN_TYPE = YES_ERROR;
				GCC_WARN_UNDECLARED_SELECTOR = YES;
				GCC_WARN_UNINITIALIZED_AUTOS = YES_AGGRESSIVE;
				GCC_WARN_UNUSED_FUNCTION = YES;
				GCC_WARN_UNUSED_VARIABLE = YES;
				LOCALIZATION_PREFERS_STRING_CATALOGS = YES;
				MACOSX_DEPLOYMENT_TARGET = 15.7;
				MTL_ENABLE_DEBUG_INFO = INCLUDE_SOURCE;
				MTL_FAST_MATH = YES;
				ONLY_ACTIVE_ARCH = YES;
				SDKROOT = macosx;
				SWIFT_ACTIVE_COMPILATION_CONDITIONS = "DEBUG $(inherited)";
				SWIFT_OPTIMIZATION_LEVEL = "-Onone";
			};
			name = Debug;
		};
		F60CB62B2F5B0D74002242FE /* Release */ = {
			isa = XCBuildConfiguration;
			buildSettings = {
				ALWAYS_SEARCH_USER_PATHS = NO;
				ASSETCATALOG_COMPILER_GENERATE_SWIFT_ASSET_SYMBOL_EXTENSIONS = YES;
				CLANG_ANALYZER_NONNULL = YES;
				CLANG_ANALYZER_NUMBER_OBJECT_CONVERSION = YES_AGGRESSIVE;
				CLANG_CXX_LANGUAGE_STANDARD = "gnu++20";
				CLANG_ENABLE_MODULES = YES;
				CLANG_ENABLE_OBJC_ARC = YES;
				CLANG_ENABLE_OBJC_WEAK = YES;
				CLANG_WARN_BLOCK_CAPTURE_AUTORELEASING = YES;
				CLANG_WARN_BOOL_CONVERSION = YES;
				CLANG_WARN_COMMA = YES;
				CLANG_WARN_CONSTANT_CONVERSION = YES;
				CLANG_WARN_DEPRECATED_OBJC_IMPLEMENTATIONS = YES;
				CLANG_WARN_DIRECT_OBJC_ISA_USAGE = YES_ERROR;
				CLANG_WARN_DOCUMENTATION_COMMENTS = YES;
				CLANG_WARN_EMPTY_BODY = YES;
				CLANG_WARN_ENUM_CONVERSION = YES;
				CLANG_WARN_INFINITE_RECURSION = YES;
				CLANG_WARN_INT_CONVERSION = YES;
				CLANG_WARN_NON_LITERAL_NULL_CONVERSION = YES;
				CLANG_WARN_OBJC_IMPLICIT_RETAIN_SELF = YES;
				CLANG_WARN_OBJC_LITERAL_CONVERSION = YES;
				CLANG_WARN_OBJC_ROOT_CLASS = YES_ERROR;
				CLANG_WARN_QUOTED_INCLUDE_IN_FRAMEWORK_HEADER = YES;
				CLANG_WARN_RANGE_LOOP_ANALYSIS = YES;
				CLANG_WARN_STRICT_PROTOTYPES = YES;
				CLANG_WARN_SUSPICIOUS_MOVE = YES;
				CLANG_WARN_UNGUARDED_AVAILABILITY = YES_AGGRESSIVE;
				CLANG_WARN_UNREACHABLE_CODE = YES;
				CLANG_WARN__DUPLICATE_METHOD_MATCH = YES;
				COPY_PHASE_STRIP = NO;
				DEBUG_INFORMATION_FORMAT = "dwarf-with-dsym";
				DEVELOPMENT_TEAM = SH94AY676V;
				ENABLE_NS_ASSERTIONS = NO;
				ENABLE_STRICT_OBJC_MSGSEND = YES;
				ENABLE_USER_SCRIPT_SANDBOXING = YES;
				GCC_C_LANGUAGE_STANDARD = gnu17;
				GCC_NO_COMMON_BLOCKS = YES;
				GCC_WARN_64_TO_32_BIT_CONVERSION = YES;
				GCC_WARN_ABOUT_RETURN_TYPE = YES_ERROR;
				GCC_WARN_UNDECLARED_SELECTOR = YES;
				GCC_WARN_UNINITIALIZED_AUTOS = YES_AGGRESSIVE;
				GCC_WARN_UNUSED_FUNCTION = YES;
				GCC_WARN_UNUSED_VARIABLE = YES;
				LOCALIZATION_PREFERS_STRING_CATALOGS = YES;
				MACOSX_DEPLOYMENT_TARGET = 15.7;
				MTL_ENABLE_DEBUG_INFO = NO;
				MTL_FAST_MATH = YES;
				SDKROOT = macosx;
				SWIFT_COMPILATION_MODE = wholemodule;
			};
			name = Release;
		};
		F60CB62D2F5B0D74002242FE /* Debug */ = {
			isa = XCBuildConfiguration;
			buildSettings = {
				ASSETCATALOG_COMPILER_APPICON_NAME = AppIcon;
				ASSETCATALOG_COMPILER_GLOBAL_ACCENT_COLOR_NAME = AccentColor;
				CODE_SIGN_STYLE = Automatic;
				COMBINE_HIDPI_IMAGES = YES;
				CURRENT_PROJECT_VERSION = 1;
				DEVELOPMENT_TEAM = SH94AY676V;
				ENABLE_APP_SANDBOX = YES;
				ENABLE_HARDENED_RUNTIME = YES;
				ENABLE_PREVIEWS = YES;
				ENABLE_USER_SELECTED_FILES = readonly;
				GENERATE_INFOPLIST_FILE = YES;
				INFOPLIST_KEY_LSApplicationCategoryType = "public.app-category.productivity";
				INFOPLIST_KEY_NSHumanReadableCopyright = "";
				LD_RUNPATH_SEARCH_PATHS = (
					"$(inherited)",
					"@executable_path/../Frameworks",
				);
				MARKETING_VERSION = 1.0;
				PRODUCT_BUNDLE_IDENTIFIER = io.shkalash.TradingBuddy;
				PRODUCT_NAME = "$(TARGET_NAME)";
				REGISTER_APP_GROUPS = YES;
				STRING_CATALOG_GENERATE_SYMBOLS = YES;
				SWIFT_APPROACHABLE_CONCURRENCY = YES;
				SWIFT_DEFAULT_ACTOR_ISOLATION = MainActor;
				SWIFT_EMIT_LOC_STRINGS = YES;
				SWIFT_UPCOMING_FEATURE_MEMBER_IMPORT_VISIBILITY = YES;
				SWIFT_VERSION = 5.0;
			};
			name = Debug;
		};
		F60CB62E2F5B0D74002242FE /* Release */ = {
			isa = XCBuildConfiguration;
			buildSettings = {
				ASSETCATALOG_COMPILER_APPICON_NAME = AppIcon;
				ASSETCATALOG_COMPILER_GLOBAL_ACCENT_COLOR_NAME = AccentColor;
				CODE_SIGN_STYLE = Automatic;
				COMBINE_HIDPI_IMAGES = YES;
				CURRENT_PROJECT_VERSION = 1;
				DEVELOPMENT_TEAM = SH94AY676V;
				ENABLE_APP_SANDBOX = YES;
				ENABLE_HARDENED_RUNTIME = YES;
				ENABLE_PREVIEWS = YES;
				ENABLE_USER_SELECTED_FILES = readonly;
				GENERATE_INFOPLIST_FILE = YES;
				INFOPLIST_KEY_LSApplicationCategoryType = "public.app-category.productivity";
				INFOPLIST_KEY_NSHumanReadableCopyright = "";
				LD_RUNPATH_SEARCH_PATHS = (
					"$(inherited)",
					"@executable_path/../Frameworks",
				);
				MARKETING_VERSION = 1.0;
				PRODUCT_BUNDLE_IDENTIFIER = io.shkalash.TradingBuddy;
				PRODUCT_NAME = "$(TARGET_NAME)";
				REGISTER_APP_GROUPS = YES;
				STRING_CATALOG_GENERATE_SYMBOLS = YES;
				SWIFT_APPROACHABLE_CONCURRENCY = YES;
				SWIFT_DEFAULT_ACTOR_ISOLATION = MainActor;
				SWIFT_EMIT_LOC_STRINGS = YES;
				SWIFT_UPCOMING_FEATURE_MEMBER_IMPORT_VISIBILITY = YES;
				SWIFT_VERSION = 5.0;
			};
			name = Release;
		};
		F60CB6302F5B0D74002242FE /* Debug */ = {
			isa = XCBuildConfiguration;
			buildSettings = {
				BUNDLE_LOADER = "$(TEST_HOST)";
				CODE_SIGN_STYLE = Automatic;
				CURRENT_PROJECT_VERSION = 1;
				DEVELOPMENT_TEAM = SH94AY676V;
				GENERATE_INFOPLIST_FILE = YES;
				MACOSX_DEPLOYMENT_TARGET = 15.7;
				MARKETING_VERSION = 1.0;
				PRODUCT_BUNDLE_IDENTIFIER = io.shkalash.TradingBuddyTests;
				PRODUCT_NAME = "$(TARGET_NAME)";
				STRING_CATALOG_GENERATE_SYMBOLS = NO;
				SWIFT_APPROACHABLE_CONCURRENCY = YES;
				SWIFT_EMIT_LOC_STRINGS = NO;
				SWIFT_UPCOMING_FEATURE_MEMBER_IMPORT_VISIBILITY = YES;
				SWIFT_VERSION = 5.0;
				TEST_HOST = "$(BUILT_PRODUCTS_DIR)/TradingBuddy.app/$(BUNDLE_EXECUTABLE_FOLDER_PATH)/TradingBuddy";
			};
			name = Debug;
		};
		F60CB6312F5B0D74002242FE /* Release */ = {
			isa = XCBuildConfiguration;
			buildSettings = {
				BUNDLE_LOADER = "$(TEST_HOST)";
				CODE_SIGN_STYLE = Automatic;
				CURRENT_PROJECT_VERSION = 1;
				DEVELOPMENT_TEAM = SH94AY676V;
				GENERATE_INFOPLIST_FILE = YES;
				MACOSX_DEPLOYMENT_TARGET = 15.7;
				MARKETING_VERSION = 1.0;
				PRODUCT_BUNDLE_IDENTIFIER = io.shkalash.TradingBuddyTests;
				PRODUCT_NAME = "$(TARGET_NAME)";
				STRING_CATALOG_GENERATE_SYMBOLS = NO;
				SWIFT_APPROACHABLE_CONCURRENCY = YES;
				SWIFT_EMIT_LOC_STRINGS = NO;
				SWIFT_UPCOMING_FEATURE_MEMBER_IMPORT_VISIBILITY = YES;
				SWIFT_VERSION = 5.0;
				TEST_HOST = "$(BUILT_PRODUCTS_DIR)/TradingBuddy.app/$(BUNDLE_EXECUTABLE_FOLDER_PATH)/TradingBuddy";
			};
			name = Release;
		};
		F60CB6332F5B0D74002242FE /* Debug */ = {
			isa = XCBuildConfiguration;
			buildSettings = {
				CLANG_ENABLE_MODULES = YES;
				CODE_SIGN_STYLE = Automatic;
				CURRENT_PROJECT_VERSION = 1;
				DEVELOPMENT_TEAM = SH94AY676V;
				GENERATE_INFOPLIST_FILE = YES;
				MARKETING_VERSION = 1.0;
				PRODUCT_BUNDLE_IDENTIFIER = io.shkalash.TradingBuddyUITests;
				PRODUCT_NAME = "$(TARGET_NAME)";
				STRING_CATALOG_GENERATE_SYMBOLS = NO;
				SWIFT_APPROACHABLE_CONCURRENCY = YES;
				SWIFT_EMIT_LOC_STRINGS = NO;
				SWIFT_OPTIMIZATION_LEVEL = "-Onone";
				SWIFT_UPCOMING_FEATURE_MEMBER_IMPORT_VISIBILITY = YES;
				SWIFT_VERSION = 5.0;
				TEST_TARGET_NAME = TradingBuddy;
			};
			name = Debug;
		};
		F60CB6342F5B0D74002242FE /* Release */ = {
			isa = XCBuildConfiguration;
			buildSettings = {
				CLANG_ENABLE_MODULES = YES;
				CODE_SIGN_STYLE = Automatic;
				CURRENT_PROJECT_VERSION = 1;
				DEVELOPMENT_TEAM = SH94AY676V;
				GENERATE_INFOPLIST_FILE = YES;
				MARKETING_VERSION = 1.0;
				PRODUCT_BUNDLE_IDENTIFIER = io.shkalash.TradingBuddyUITests;
				PRODUCT_NAME = "$(TARGET_NAME)";
				STRING_CATALOG_GENERATE_SYMBOLS = NO;
				SWIFT_APPROACHABLE_CONCURRENCY = YES;
				SWIFT_EMIT_LOC_STRINGS = NO;
				SWIFT_UPCOMING_FEATURE_MEMBER_IMPORT_VISIBILITY = YES;
				SWIFT_VERSION = 5.0;
				TEST_TARGET_NAME = TradingBuddy;
			};
			name = Release;
		};
/* End XCBuildConfiguration section */

/* Begin XCConfigurationList section */
		F60CB6062F5B0D71002242FE /* Build configuration list for PBXProject "TradingBuddy" */ = {
			isa = XCConfigurationList;
			buildConfigurations = (
				F60CB62A2F5B0D74002242FE /* Debug */,
				F60CB62B2F5B0D74002242FE /* Release */,
			);
			defaultConfigurationIsVisible = 0;
			defaultConfigurationName = Release;
		};
		F60CB62C2F5B0D74002242FE /* Build configuration list for PBXNativeTarget "TradingBuddy" */ = {
			isa = XCConfigurationList;
			buildConfigurations = (
				F60CB62D2F5B0D74002242FE /* Debug */,
				F60CB62E2F5B0D74002242FE /* Release */,
			);
			defaultConfigurationIsVisible = 0;
			defaultConfigurationName = Release;
		};
		F60CB62F2F5B0D74002242FE /* Build configuration list for PBXNativeTarget "TradingBuddyTests" */ = {
			isa = XCConfigurationList;
			buildConfigurations = (
				F60CB6302F5B0D74002242FE /* Debug */,
				F60CB6312F5B0D74002242FE /* Release */,
			);
			defaultConfigurationIsVisible = 0;
			defaultConfigurationName = Release;
		};
		F60CB6322F5B0D74002242FE /* Build configuration list for PBXNativeTarget "TradingBuddyUITests" */ = {
			isa = XCConfigurationList;
			buildConfigurations = (
				F60CB6332F5B0D74002242FE /* Debug */,
				F60CB6342F5B0D74002242FE /* Release */,
			);
			defaultConfigurationIsVisible = 0;
			defaultConfigurationName = Release;
		};
/* End XCConfigurationList section */

/* Begin XCRemoteSwiftPackageReference section */
		F60CB6352F5B0E47002242FE /* XCRemoteSwiftPackageReference "GRDB.swift" */ = {
			isa = XCRemoteSwiftPackageReference;
			repositoryURL = "https://github.com/groue/GRDB.swift.git";
			requirement = {
				branch = master;
				kind = branch;
			};
		};
/* End XCRemoteSwiftPackageReference section */

/* Begin XCSwiftPackageProductDependency section */
		F60CB6362F5B0E47002242FE /* GRDB */ = {
			isa = XCSwiftPackageProductDependency;
			package = F60CB6352F5B0E47002242FE /* XCRemoteSwiftPackageReference "GRDB.swift" */;
			productName = GRDB;
		};
/* End XCSwiftPackageProductDependency section */
	};
	rootObject = F60CB6032F5B0D71002242FE /* Project object */;
}
